
Microsoft Visual Studio Solution File, Format Version 12.00
# Visual Studio Version 16
VisualStudioVersion = 16.0.31515.178
MinimumVisualStudioVersion = 10.0.40219.1
Project("{FAE04EC0-301F-11D3-BF4B-00C04F79EFBC}") = "sharprdpconns", "sharprdpconns.csproj", "{254269BC-18EE-4598-826A-67DEA8775A31}"
EndProject
Global
	GlobalSection(SolutionConfigurationPlatforms) = preSolution
		Debug|Any CPU = Debug|Any CPU
		Release|Any CPU = Release|Any CPU
	EndGlobalSection
	GlobalSection(ProjectConfigurationPlatforms) = postSolution
		{254269BC-18EE-4598-826A-67DEA8775A31}.Debug|Any CPU.ActiveCfg = Debug|Any CPU
		{254269BC-18EE-4598-826A-67DEA8775A31}.Debug|Any CPU.Build.0 = Debug|Any CPU
		{254269BC-18EE-4598-826A-67DEA8775A31}.Release|Any CPU.ActiveCfg = Release|Any CPU
		{254269BC-18EE-4598-826A-67DEA8775A31}.Release|Any CPU.Build.0 = Release|Any CPU
	EndGlobalSection
	GlobalSection(SolutionProperties) = preSolution
		HideSolutionNode = FALSE
	EndGlobalSection
	GlobalSection(ExtensibilityGlobals) = postSolution
		SolutionGuid = {7AC55546-576D-4F88-B915-F3D0A8CEF8FB}
	EndGlobalSection
EndGlobal
